
Microsoft Visual Studio Solution File, Format Version 12.00
# Visual Studio Version 17
VisualStudioVersion = 17.14.36310.24 d17.14
MinimumVisualStudioVersion = 10.0.40219.1
Project("{FAE04EC0-301F-11D3-BF4B-00C04F79EFBC}") = "dotnetMauiUIDesginer", "dotnetMauiUIDesginer\dotnetMauiUIDesginer.csproj", "{0B0139B7-FE7E-423E-BD86-BF7EE1C6BF39}"
EndProject
Global
	GlobalSection(SolutionConfigurationPlatforms) = preSolution
		Debug|Any CPU = Debug|Any CPU
		Release|Any CPU = Release|Any CPU
	EndGlobalSection
	GlobalSection(ProjectConfigurationPlatforms) = postSolution
		{0B0139B7-FE7E-423E-BD86-BF7EE1C6BF39}.Debug|Any CPU.ActiveCfg = Debug|Any CPU
		{0B0139B7-FE7E-423E-BD86-BF7EE1C6BF39}.Debug|Any CPU.Build.0 = Debug|Any CPU
		{0B0139B7-FE7E-423E-BD86-BF7EE1C6BF39}.Release|Any CPU.ActiveCfg = Release|Any CPU
		{0B0139B7-FE7E-423E-BD86-BF7EE1C6BF39}.Release|Any CPU.Build.0 = Release|Any CPU
	EndGlobalSection
	GlobalSection(SolutionProperties) = preSolution
		HideSolutionNode = FALSE
	EndGlobalSection
	GlobalSection(ExtensibilityGlobals) = postSolution
		SolutionGuid = {E8DBAEDA-6028-444B-AF3D-8286B459D5BD}
	EndGlobalSection
EndGlobal
